github.com/antlr/antlr4 v0.0.0-20210412152734-e404d26f6142 h1:ucCGXTGwxNdEi4/QGohyvI0e3FCsS8cdCW15x2e1bDk=
github.com/antlr/antlr4 v0.0.0-20210412152734-e404d26f6142/go.mod h1:T7PbCXFs94rrTttyxjbyT5+/1V8T2TYDejxUfHJjw1Y=
github.com/davecgh/go-spew v1.1.0/go.mod h1:J7Y8YcW2NihsgmVo/mv3lAwl/skON4iLHjSsI+c5H38=
github.com/emicklei/dot v0.15.0/go.mod h1:DeV7GvQtIw4h2u73RKBkkFdvVAz0D9fzeJrgPW6gy/s=
github.com/golangee/sql v0.0.0-20210531101020-33021aed64c2 h1:0WXftZclnimUkAiCojvV5BF/AZPRVmBXpu6z87A4wlE=
github.com/golangee/sql v0.0.0-20210531101020-33021aed64c2/go.mod h1:yA+VdgLd11hHJ69hQi6+dC++cyZ1Eb1BZON52Q54gR4=
github.com/golangee/src v0.0.0-20210401144516-230d4569aefd h1:3+Xl2lfcK/GlirSkKJemyedNUr23TOmm7ZIziom9674=
github.com/golangee/src v0.0.0-20210401144516-230d4569aefd/go.mod h1:zQhMlD1AUuj1QJyuHtN2HNpt/PVRJIhEVdpzzEi00gg=
github.com/pmezard/go-difflib v1.0.0/go.mod h1:iKH77koFhYxTK1pcRnkKkqfTogsbg7gZNVY4sRDYZ/4=
github.com/r3labs/diff v1.1.0 h1:V53xhrbTHrWFWq3gI4b94AjgEJOerO1+1l0xyHOBi8M=
github.com/r3labs/diff v1.1.0/go.mod h1:7WjXasNzi0vJetRcB/RqNl5dlIsmXcTTLmF5IoH6Xig=
github.com/stretchr/objx v0.1.0/go.mod h1:HFkY916IF+rwdDfMAkV7OtwuqBVzrE8GR6GFx+wExME=
github.com/stretchr/testify v1.5.1/go.mod h1:5W2xD1RspED5o8YsWQXVCued0rvSQ+mT+I5cxcmMvtA=
gopkg.in/check.v1 v0.0.0-20161208181325-20d25e280405/go.mod h1:Co6ibVJAznAaIkqp8huTwlJQCZ016jof/cbN4VW5Yz0=
gopkg.in/yaml.v2 v2.2.2/go.mod h1:hI93XBmqTisBFMUTm0b8Fm+jr3Dg1NNxqwp+5A1VGuI=
