github.com/antlr/antlr4 v0.0.0-20210412152734-e404d26f6142 h1:ucCGXTGwxNdEi4/QGohyvI0e3FCsS8cdCW15x2e1bDk=
github.com/antlr/antlr4 v0.0.0-20210412152734-e404d26f6142/go.mod h1:T7PbCXFs94rrTttyxjbyT5+/1V8T2TYDejxUfHJjw1Y=
github.com/davecgh/go-spew v1.1.0/go.mod h1:J7Y8YcW2NihsgmVo/mv3lAwl/skON4iLHjSsI+c5H38=
github.com/emicklei/dot v0.15.0/go.mod h1:DeV7GvQtIw4h2u73RKBkkFdvVAz0D9fzeJrgPW6gy/s=
github.com/golangee/sql v0.0.0-20210531101020-33021aed64c2 h1:0WXftZclnimUkAiCojvV5BF/AZPRVmBXpu6z87A4wlE=
github.com/golangee/sql v0.0.0-20210531101020-33021aed64c2/go.mod h1:yA+VdgLd11hHJ69hQi6+dC++cyZ1Eb1BZON52Q54gR4=
github.com/golangee/src v0.0.0-20210601081443-28c7bac7ca7f h1:dSVAG6ntMyefULdo5z/pQsaRzWBIgYRPTHVdCINeZbg=
github.com/golangee/src v0.0.0-20210601081443-28c7bac7ca7f/go.mod h1:zQhMlD1AUuj1QJyuHtN2HNpt/PVRJIhEVdpzzEi00gg=
github.com/golangee/src v0.0.0-20210601124311-d78fbbf1629a h1:oV2RyrRnvrIkhAwi0TfdCkfFuhYdgaAlreREMqnb9FU=
github.com/golangee/src v0.0.0-20210601124311-d78fbbf1629a/go.mod h1:zQhMlD1AUuj1QJyuHtN2HNpt/PVRJIhEVdpzzEi00gg=
github.com/golangee/src v0.0.0-20210601131357-8d5baefdec5a h1:LTKuGF94LssnbeJc3iQdH6eXToqQTl/83fJWXLZck38=
github.com/golangee/src v0.0.0-20210601131357-8d5baefdec5a/go.mod h1:zQhMlD1AUuj1QJyuHtN2HNpt/PVRJIhEVdpzzEi00gg=
github.com/golangee/src v0.0.0-20210601142639-029c4888653f h1:m1nGugCqEQJ5grusm4oXLr6DGVO7fn+1dtDnx088UZY=
github.com/golangee/src v0.0.0-20210601142639-029c4888653f/go.mod h1:zQhMlD1AUuj1QJyuHtN2HNpt/PVRJIhEVdpzzEi00gg=
github.com/golangee/src v0.0.0-20210603132614-b6240bda652e h1:cM9dyn7qHFT1fYwUugcOx1Z19InHsUfyKtPlxB649Wk=
github.com/golangee/src v0.0.0-20210603132614-b6240bda652e/go.mod h1:zQhMlD1AUuj1QJyuHtN2HNpt/PVRJIhEVdpzzEi00gg=
github.com/golangee/src v0.0.0-20210604070842-53380394865a h1:spwTSff6Oegs+fPvd1SfjaNVMxEze8+rT/NyhmJaJQQ=
github.com/golangee/src v0.0.0-20210604070842-53380394865a/go.mod h1:zQhMlD1AUuj1QJyuHtN2HNpt/PVRJIhEVdpzzEi00gg=
github.com/golangee/src v0.0.0-20210604071651-4189473dd850 h1:YBeiz7BjFtxybYeDjB3D3115M7w95rCeZm/q3i1/gzE=
github.com/golangee/src v0.0.0-20210604071651-4189473dd850/go.mod h1:zQhMlD1AUuj1QJyuHtN2HNpt/PVRJIhEVdpzzEi00gg=
github.com/golangee/src v0.0.0-20210604072629-eb5cbe3ca67a h1:xboBXDgps9i2wQJPeFLrj2gyYFUxucCq09M6Sb+FK88=
github.com/golangee/src v0.0.0-20210604072629-eb5cbe3ca67a/go.mod h1:zQhMlD1AUuj1QJyuHtN2HNpt/PVRJIhEVdpzzEi00gg=
github.com/golangee/src v0.0.0-20210604144928-65dafe3dbeee h1:T3N87VzWIXIXSPw+HEobx4lUHqJOFcPjoNI3g3kynKg=
github.com/golangee/src v0.0.0-20210604144928-65dafe3dbeee/go.mod h1:zQhMlD1AUuj1QJyuHtN2HNpt/PVRJIhEVdpzzEi00gg=
github.com/golangee/src v0.0.0-20210608170152-8d7947b27f54 h1:8FLVGSy57nqxHyBmbyDdg3N+eE/FZ1NZfwlTN0M3bTM=
github.com/golangee/src v0.0.0-20210608170152-8d7947b27f54/go.mod h1:zQhMlD1AUuj1QJyuHtN2HNpt/PVRJIhEVdpzzEi00gg=
github.com/golangee/src v0.0.0-20210621093909-b45529a1d31b h1:y6gy6cPZyiV8y/5LSx/JjT60+EZqKy2x7EEDUnW2k6U=
github.com/golangee/src v0.0.0-20210621093909-b45529a1d31b/go.mod h1:zQhMlD1AUuj1QJyuHtN2HNpt/PVRJIhEVdpzzEi00gg=
github.com/golangee/src v0.0.0-20210621131033-63e12ff82111 h1:Lugmp4/ccL/qGG9POr3YlagD/HFFNANTTlSMNPk7F6k=
github.com/golangee/src v0.0.0-20210621131033-63e12ff82111/go.mod h1:zQhMlD1AUuj1QJyuHtN2HNpt/PVRJIhEVdpzzEi00gg=
github.com/golangee/src v0.0.0-20210622080529-1733b284f6bd h1:0+vJF6RIACsnB6ET6DnGc7aw58TJlPHx2QMlVStQ390=
github.com/golangee/src v0.0.0-20210622080529-1733b284f6bd/go.mod h1:zQhMlD1AUuj1QJyuHtN2HNpt/PVRJIhEVdpzzEi00gg=
github.com/golangee/src v0.0.0-20210622080902-89ed0d0973a3 h1:18AflHeqrtLJsS+5q6xL+MLMWcUu7BBQW8mgq3MEvOU=
github.com/golangee/src v0.0.0-20210622080902-89ed0d0973a3/go.mod h1:zQhMlD1AUuj1QJyuHtN2HNpt/PVRJIhEVdpzzEi00gg=
github.com/golangee/src v0.0.0-20210713151903-8fba369c7dca h1:7wXeY6pyUQyr2Sbvl9MdKeB6/kVHeVPjfC4qU14F/gc=
github.com/golangee/src v0.0.0-20210713151903-8fba369c7dca/go.mod h1:zQhMlD1AUuj1QJyuHtN2HNpt/PVRJIhEVdpzzEi00gg=
github.com/golangee/src v0.0.0-20210716153231-1ab59655299b h1:0dR9MuoIQ+qFgpiRs59fHEEkum+id1OSrnAB3VXBQVU=
github.com/golangee/src v0.0.0-20210716153231-1ab59655299b/go.mod h1:zQhMlD1AUuj1QJyuHtN2HNpt/PVRJIhEVdpzzEi00gg=
github.com/golangee/src v0.0.0-20210716153617-021a358d7cc1 h1:q1gWi70tqD7B1DMDx+FkYzWnkn5CP/UXwRIh+TcmnK4=
github.com/golangee/src v0.0.0-20210716153617-021a358d7cc1/go.mod h1:zQhMlD1AUuj1QJyuHtN2HNpt/PVRJIhEVdpzzEi00gg=
github.com/golangee/src v0.0.0-20210716153939-e436847e8c6b h1:cid/ukU0FOgAQAKYj4D4fY3Q9Hx3yd8+3TLoTFPp65A=
github.com/golangee/src v0.0.0-20210716153939-e436847e8c6b/go.mod h1:zQhMlD1AUuj1QJyuHtN2HNpt/PVRJIhEVdpzzEi00gg=
github.com/pmezard/go-difflib v1.0.0/go.mod h1:iKH77koFhYxTK1pcRnkKkqfTogsbg7gZNVY4sRDYZ/4=
github.com/r3labs/diff v1.1.0 h1:V53xhrbTHrWFWq3gI4b94AjgEJOerO1+1l0xyHOBi8M=
github.com/r3labs/diff v1.1.0/go.mod h1:7WjXasNzi0vJetRcB/RqNl5dlIsmXcTTLmF5IoH6Xig=
github.com/stretchr/objx v0.1.0/go.mod h1:HFkY916IF+rwdDfMAkV7OtwuqBVzrE8GR6GFx+wExME=
github.com/stretchr/testify v1.5.1/go.mod h1:5W2xD1RspED5o8YsWQXVCued0rvSQ+mT+I5cxcmMvtA=
gopkg.in/check.v1 v0.0.0-20161208181325-20d25e280405/go.mod h1:Co6ibVJAznAaIkqp8huTwlJQCZ016jof/cbN4VW5Yz0=
gopkg.in/yaml.v2 v2.2.2/go.mod h1:hI93XBmqTisBFMUTm0b8Fm+jr3Dg1NNxqwp+5A1VGuI=
