github.com/golangee/log v0.0.0-20201214101358-42b3097bd428 h1:J2rQYMbjzN0Y/NcW+e+eEUopSaWANTG6dYEDmNpWWYg=
github.com/golangee/log v0.0.0-20201214101358-42b3097bd428/go.mod h1:dUiMZFHdnlIsi6KOyAj+5jT+THo32aFtAoFMTRBlwuo=
github.com/golangee/uuid v0.0.0-20200908112435-4e82cb965bfd h1:5gLVwkMBIp8QkADQHnu4AksYXbsf17b4Qjx3d1z3dt8=
github.com/golangee/uuid v0.0.0-20200908112435-4e82cb965bfd/go.mod h1:i+BaPFNyXGweWAc/GX3OniM1pz/m1qLja81YgJZOrMQ=
github.com/google/uuid v1.1.1 h1:Gkbcsh/GbpXz7lPftLA3P6TYMwjCLYm83jiFQZF/3gY=
github.com/google/uuid v1.1.1/go.mod h1:TIyPZe4MgqvfeYDBFedMoGGpEw/LqOeaOT+nhxU+yHo=
